// !$*UTF8*$!
{
	archiveVersion = 1;
	classes = {
	};
	objectVersion = 56;
	objects = {

/* Begin PBXBuildFile section */
		FF006F542AA58CEF00A3CB8A /* Model.swift in Sources */ = {isa = PBXBuildFile; fileRef = FF006F532AA58CEF00A3CB8A /* Model.swift */; };
		FF557F172AA5695B00C9CAEC /* AppDelegate.swift in Sources */ = {isa = PBXBuildFile; fileRef = FF557F162AA5695B00C9CAEC /* AppDelegate.swift */; };
		FF557F192AA5695B00C9CAEC /* SceneDelegate.swift in Sources */ = {isa = PBXBuildFile; fileRef = FF557F182AA5695B00C9CAEC /* SceneDelegate.swift */; };
		FF557F1E2AA5695B00C9CAEC /* MainTabBar.storyboard in Resources */ = {isa = PBXBuildFile; fileRef = FF557F1C2AA5695B00C9CAEC /* MainTabBar.storyboard */; };
		FF557F202AA5695D00C9CAEC /* Assets.xcassets in Resources */ = {isa = PBXBuildFile; fileRef = FF557F1F2AA5695D00C9CAEC /* Assets.xcassets */; };
		FF557F232AA5695D00C9CAEC /* LaunchScreen.storyboard in Resources */ = {isa = PBXBuildFile; fileRef = FF557F212AA5695D00C9CAEC /* LaunchScreen.storyboard */; };
		FF557F2B2AA569AD00C9CAEC /* Login.storyboard in Resources */ = {isa = PBXBuildFile; fileRef = FF557F2A2AA569AC00C9CAEC /* Login.storyboard */; };
		FF557F2D2AA569CB00C9CAEC /* Map.storyboard in Resources */ = {isa = PBXBuildFile; fileRef = FF557F2C2AA569CB00C9CAEC /* Map.storyboard */; };
		FF557F2F2AA569DC00C9CAEC /* Mypage.storyboard in Resources */ = {isa = PBXBuildFile; fileRef = FF557F2E2AA569DC00C9CAEC /* Mypage.storyboard */; };
		FF557F312AA56A0000C9CAEC /* KickBoardRegister.storyboard in Resources */ = {isa = PBXBuildFile; fileRef = FF557F302AA56A0000C9CAEC /* KickBoardRegister.storyboard */; };
		FF557F332AA56A2000C9CAEC /* LoginViewController.swift in Sources */ = {isa = PBXBuildFile; fileRef = FF557F322AA56A2000C9CAEC /* LoginViewController.swift */; };
		FF557F352AA56A2A00C9CAEC /* MapViewController.swift in Sources */ = {isa = PBXBuildFile; fileRef = FF557F342AA56A2A00C9CAEC /* MapViewController.swift */; };
		FF557F372AA56A4500C9CAEC /* KickBoardRegisterViewController.swift in Sources */ = {isa = PBXBuildFile; fileRef = FF557F362AA56A4500C9CAEC /* KickBoardRegisterViewController.swift */; };
		FF557F392AA56A6E00C9CAEC /* MypageViewController.swift in Sources */ = {isa = PBXBuildFile; fileRef = FF557F382AA56A6E00C9CAEC /* MypageViewController.swift */; };
		FF557F3E2AA56FCD00C9CAEC /* TabBarController.swift in Sources */ = {isa = PBXBuildFile; fileRef = FF557F3D2AA56FCD00C9CAEC /* TabBarController.swift */; };
		FFDAD66D2AA5B11D00FCCEAB /* Manager.swift in Sources */ = {isa = PBXBuildFile; fileRef = FFDAD66C2AA5B11D00FCCEAB /* Manager.swift */; };
/* End PBXBuildFile section */

/* Begin PBXFileReference section */
		FF006F532AA58CEF00A3CB8A /* Model.swift */ = {isa = PBXFileReference; lastKnownFileType = sourcecode.swift; path = Model.swift; sourceTree = "<group>"; };
		FF557F132AA5695B00C9CAEC /* KICK.app */ = {isa = PBXFileReference; explicitFileType = wrapper.application; includeInIndex = 0; path = KICK.app; sourceTree = BUILT_PRODUCTS_DIR; };
		FF557F162AA5695B00C9CAEC /* AppDelegate.swift */ = {isa = PBXFileReference; lastKnownFileType = sourcecode.swift; path = AppDelegate.swift; sourceTree = "<group>"; };
		FF557F182AA5695B00C9CAEC /* SceneDelegate.swift */ = {isa = PBXFileReference; lastKnownFileType = sourcecode.swift; path = SceneDelegate.swift; sourceTree = "<group>"; };
		FF557F1D2AA5695B00C9CAEC /* Base */ = {isa = PBXFileReference; lastKnownFileType = file.storyboard; name = Base; path = Base.lproj/MainTabBar.storyboard; sourceTree = "<group>"; };
		FF557F1F2AA5695D00C9CAEC /* Assets.xcassets */ = {isa = PBXFileReference; lastKnownFileType = folder.assetcatalog; path = Assets.xcassets; sourceTree = "<group>"; };
		FF557F222AA5695D00C9CAEC /* Base */ = {isa = PBXFileReference; lastKnownFileType = file.storyboard; name = Base; path = Base.lproj/LaunchScreen.storyboard; sourceTree = "<group>"; };
		FF557F242AA5695D00C9CAEC /* Info.plist */ = {isa = PBXFileReference; lastKnownFileType = text.plist.xml; path = Info.plist; sourceTree = "<group>"; };
		FF557F2A2AA569AC00C9CAEC /* Login.storyboard */ = {isa = PBXFileReference; lastKnownFileType = file.storyboard; path = Login.storyboard; sourceTree = "<group>"; };
		FF557F2C2AA569CB00C9CAEC /* Map.storyboard */ = {isa = PBXFileReference; lastKnownFileType = file.storyboard; path = Map.storyboard; sourceTree = "<group>"; };
		FF557F2E2AA569DC00C9CAEC /* Mypage.storyboard */ = {isa = PBXFileReference; lastKnownFileType = file.storyboard; path = Mypage.storyboard; sourceTree = "<group>"; };
		FF557F302AA56A0000C9CAEC /* KickBoardRegister.storyboard */ = {isa = PBXFileReference; lastKnownFileType = file.storyboard; path = KickBoardRegister.storyboard; sourceTree = "<group>"; };
		FF557F322AA56A2000C9CAEC /* LoginViewController.swift */ = {isa = PBXFileReference; lastKnownFileType = sourcecode.swift; path = LoginViewController.swift; sourceTree = "<group>"; };
		FF557F342AA56A2A00C9CAEC /* MapViewController.swift */ = {isa = PBXFileReference; lastKnownFileType = sourcecode.swift; path = MapViewController.swift; sourceTree = "<group>"; };
		FF557F362AA56A4500C9CAEC /* KickBoardRegisterViewController.swift */ = {isa = PBXFileReference; lastKnownFileType = sourcecode.swift; path = KickBoardRegisterViewController.swift; sourceTree = "<group>"; };
		FF557F382AA56A6E00C9CAEC /* MypageViewController.swift */ = {isa = PBXFileReference; lastKnownFileType = sourcecode.swift; path = MypageViewController.swift; sourceTree = "<group>"; };
		FF557F3D2AA56FCD00C9CAEC /* TabBarController.swift */ = {isa = PBXFileReference; lastKnownFileType = sourcecode.swift; path = TabBarController.swift; sourceTree = "<group>"; };
		FFDAD66C2AA5B11D00FCCEAB /* Manager.swift */ = {isa = PBXFileReference; lastKnownFileType = sourcecode.swift; path = Manager.swift; sourceTree = "<group>"; };
/* End PBXFileReference section */

/* Begin PBXFrameworksBuildPhase section */
		FF557F102AA5695B00C9CAEC /* Frameworks */ = {
			isa = PBXFrameworksBuildPhase;
			buildActionMask = 2147483647;
			files = (
			);
			runOnlyForDeploymentPostprocessing = 0;
		};
/* End PBXFrameworksBuildPhase section */

/* Begin PBXGroup section */
		FF557F0A2AA5695B00C9CAEC = {
			isa = PBXGroup;
			children = (
				FF557F152AA5695B00C9CAEC /* KICK */,
				FF557F142AA5695B00C9CAEC /* Products */,
			);
			sourceTree = "<group>";
		};
		FF557F142AA5695B00C9CAEC /* Products */ = {
			isa = PBXGroup;
			children = (
				FF557F132AA5695B00C9CAEC /* KICK.app */,
			);
			name = Products;
			sourceTree = "<group>";
		};
		FF557F152AA5695B00C9CAEC /* KICK */ = {
			isa = PBXGroup;
			children = (
				FF557F162AA5695B00C9CAEC /* AppDelegate.swift */,
				FF557F182AA5695B00C9CAEC /* SceneDelegate.swift */,
				FF557F3B2AA56A9000C9CAEC /* View */,
				FF557F3C2AA56A9B00C9CAEC /* Controller */,
				FF557F3A2AA56A7F00C9CAEC /* Model */,
				FF557F1F2AA5695D00C9CAEC /* Assets.xcassets */,
				FF557F212AA5695D00C9CAEC /* LaunchScreen.storyboard */,
				FF557F242AA5695D00C9CAEC /* Info.plist */,
			);
			path = KICK;
			sourceTree = "<group>";
		};
		FF557F3A2AA56A7F00C9CAEC /* Model */ = {
			isa = PBXGroup;
			children = (
				FF006F532AA58CEF00A3CB8A /* Model.swift */,
				FFDAD66C2AA5B11D00FCCEAB /* Manager.swift */,
			);
			path = Model;
			sourceTree = "<group>";
		};
		FF557F3B2AA56A9000C9CAEC /* View */ = {
			isa = PBXGroup;
			children = (
				FF557F2A2AA569AC00C9CAEC /* Login.storyboard */,
				FF557F1C2AA5695B00C9CAEC /* MainTabBar.storyboard */,
				FF557F2C2AA569CB00C9CAEC /* Map.storyboard */,
				FF557F2E2AA569DC00C9CAEC /* Mypage.storyboard */,
				FF557F302AA56A0000C9CAEC /* KickBoardRegister.storyboard */,
			);
			path = View;
			sourceTree = "<group>";
		};
		FF557F3C2AA56A9B00C9CAEC /* Controller */ = {
			isa = PBXGroup;
			children = (
				FF557F3D2AA56FCD00C9CAEC /* TabBarController.swift */,
				FF557F322AA56A2000C9CAEC /* LoginViewController.swift */,
				FF557F342AA56A2A00C9CAEC /* MapViewController.swift */,
				FF557F382AA56A6E00C9CAEC /* MypageViewController.swift */,
				FF557F362AA56A4500C9CAEC /* KickBoardRegisterViewController.swift */,
			);
			path = Controller;
			sourceTree = "<group>";
		};
/* End PBXGroup section */

/* Begin PBXNativeTarget section */
		FF557F122AA5695B00C9CAEC /* KICK */ = {
			isa = PBXNativeTarget;
			buildConfigurationList = FF557F272AA5695D00C9CAEC /* Build configuration list for PBXNativeTarget "KICK" */;
			buildPhases = (
				FF557F0F2AA5695B00C9CAEC /* Sources */,
				FF557F102AA5695B00C9CAEC /* Frameworks */,
				FF557F112AA5695B00C9CAEC /* Resources */,
			);
			buildRules = (
			);
			dependencies = (
			);
			name = KICK;
			productName = KICK;
			productReference = FF557F132AA5695B00C9CAEC /* KICK.app */;
			productType = "com.apple.product-type.application";
		};
/* End PBXNativeTarget section */

/* Begin PBXProject section */
		FF557F0B2AA5695B00C9CAEC /* Project object */ = {
			isa = PBXProject;
			attributes = {
				BuildIndependentTargetsInParallel = 1;
				LastSwiftUpdateCheck = 1430;
				LastUpgradeCheck = 1430;
				TargetAttributes = {
					FF557F122AA5695B00C9CAEC = {
						CreatedOnToolsVersion = 14.3.1;
					};
				};
			};
			buildConfigurationList = FF557F0E2AA5695B00C9CAEC /* Build configuration list for PBXProject "KICK" */;
			compatibilityVersion = "Xcode 14.0";
			developmentRegion = en;
			hasScannedForEncodings = 0;
			knownRegions = (
				en,
				Base,
			);
			mainGroup = FF557F0A2AA5695B00C9CAEC;
			productRefGroup = FF557F142AA5695B00C9CAEC /* Products */;
			projectDirPath = "";
			projectRoot = "";
			targets = (
				FF557F122AA5695B00C9CAEC /* KICK */,
			);
		};
/* End PBXProject section */

/* Begin PBXResourcesBuildPhase section */
		FF557F112AA5695B00C9CAEC /* Resources */ = {
			isa = PBXResourcesBuildPhase;
			buildActionMask = 2147483647;
			files = (
				FF557F2B2AA569AD00C9CAEC /* Login.storyboard in Resources */,
				FF557F2F2AA569DC00C9CAEC /* Mypage.storyboard in Resources */,
				FF557F232AA5695D00C9CAEC /* LaunchScreen.storyboard in Resources */,
				FF557F2D2AA569CB00C9CAEC /* Map.storyboard in Resources */,
				FF557F202AA5695D00C9CAEC /* Assets.xcassets in Resources */,
				FF557F312AA56A0000C9CAEC /* KickBoardRegister.storyboard in Resources */,
				FF557F1E2AA5695B00C9CAEC /* MainTabBar.storyboard in Resources */,
			);
			runOnlyForDeploymentPostprocessing = 0;
		};
/* End PBXResourcesBuildPhase section */

/* Begin PBXSourcesBuildPhase section */
		FF557F0F2AA5695B00C9CAEC /* Sources */ = {
			isa = PBXSourcesBuildPhase;
			buildActionMask = 2147483647;
			files = (
				FF557F332AA56A2000C9CAEC /* LoginViewController.swift in Sources */,
				FF557F392AA56A6E00C9CAEC /* MypageViewController.swift in Sources */,
				FF557F172AA5695B00C9CAEC /* AppDelegate.swift in Sources */,
				FF557F352AA56A2A00C9CAEC /* MapViewController.swift in Sources */,
				FF557F3E2AA56FCD00C9CAEC /* TabBarController.swift in Sources */,
				FF557F372AA56A4500C9CAEC /* KickBoardRegisterViewController.swift in Sources */,
				FF557F192AA5695B00C9CAEC /* SceneDelegate.swift in Sources */,
				FFDAD66D2AA5B11D00FCCEAB /* Manager.swift in Sources */,
				FF006F542AA58CEF00A3CB8A /* Model.swift in Sources */,
			);
			runOnlyForDeploymentPostprocessing = 0;
		};
/* End PBXSourcesBuildPhase section */

/* Begin PBXVariantGroup section */
		FF557F1C2AA5695B00C9CAEC /* MainTabBar.storyboard */ = {
			isa = PBXVariantGroup;
			children = (
				FF557F1D2AA5695B00C9CAEC /* Base */,
			);
			name = MainTabBar.storyboard;
			sourceTree = "<group>";
		};
		FF557F212AA5695D00C9CAEC /* LaunchScreen.storyboard */ = {
			isa = PBXVariantGroup;
			children = (
				FF557F222AA5695D00C9CAEC /* Base */,
			);
			name = LaunchScreen.storyboard;
			sourceTree = "<group>";
		};
/* End PBXVariantGroup section */

/* Begin XCBuildConfiguration section */
		FF557F252AA5695D00C9CAEC /* Debug */ = {
			isa = XCBuildConfiguration;
			buildSettings = {
				ALWAYS_SEARCH_USER_PATHS = NO;
				CLANG_ANALYZER_NONNULL = YES;
				CLANG_ANALYZER_NUMBER_OBJECT_CONVERSION = YES_AGGRESSIVE;
				CLANG_CXX_LANGUAGE_STANDARD = "gnu++20";
				CLANG_ENABLE_MODULES = YES;
				CLANG_ENABLE_OBJC_ARC = YES;
				CLANG_ENABLE_OBJC_WEAK = YES;
				CLANG_WARN_BLOCK_CAPTURE_AUTORELEASING = YES;
				CLANG_WARN_BOOL_CONVERSION = YES;
				CLANG_WARN_COMMA = YES;
				CLANG_WARN_CONSTANT_CONVERSION = YES;
				CLANG_WARN_DEPRECATED_OBJC_IMPLEMENTATIONS = YES;
				CLANG_WARN_DIRECT_OBJC_ISA_USAGE = YES_ERROR;
				CLANG_WARN_DOCUMENTATION_COMMENTS = YES;
				CLANG_WARN_EMPTY_BODY = YES;
				CLANG_WARN_ENUM_CONVERSION = YES;
				CLANG_WARN_INFINITE_RECURSION = YES;
				CLANG_WARN_INT_CONVERSION = YES;
				CLANG_WARN_NON_LITERAL_NULL_CONVERSION = YES;
				CLANG_WARN_OBJC_IMPLICIT_RETAIN_SELF = YES;
				CLANG_WARN_OBJC_LITERAL_CONVERSION = YES;
				CLANG_WARN_OBJC_ROOT_CLASS = YES_ERROR;
				CLANG_WARN_QUOTED_INCLUDE_IN_FRAMEWORK_HEADER = YES;
				CLANG_WARN_RANGE_LOOP_ANALYSIS = YES;
				CLANG_WARN_STRICT_PROTOTYPES = YES;
				CLANG_WARN_SUSPICIOUS_MOVE = YES;
				CLANG_WARN_UNGUARDED_AVAILABILITY = YES_AGGRESSIVE;
				CLANG_WARN_UNREACHABLE_CODE = YES;
				CLANG_WARN__DUPLICATE_METHOD_MATCH = YES;
				COPY_PHASE_STRIP = NO;
				DEBUG_INFORMATION_FORMAT = dwarf;
				ENABLE_STRICT_OBJC_MSGSEND = YES;
				ENABLE_TESTABILITY = YES;
				GCC_C_LANGUAGE_STANDARD = gnu11;
				GCC_DYNAMIC_NO_PIC = NO;
				GCC_NO_COMMON_BLOCKS = YES;
				GCC_OPTIMIZATION_LEVEL = 0;
				GCC_PREPROCESSOR_DEFINITIONS = (
					"DEBUG=1",
					"$(inherited)",
				);
				GCC_WARN_64_TO_32_BIT_CONVERSION = YES;
				GCC_WARN_ABOUT_RETURN_TYPE = YES_ERROR;
				GCC_WARN_UNDECLARED_SELECTOR = YES;
				GCC_WARN_UNINITIALIZED_AUTOS = YES_AGGRESSIVE;
				GCC_WARN_UNUSED_FUNCTION = YES;
				GCC_WARN_UNUSED_VARIABLE = YES;
				IPHONEOS_DEPLOYMENT_TARGET = 16.4;
				MTL_ENABLE_DEBUG_INFO = INCLUDE_SOURCE;
				MTL_FAST_MATH = YES;
				ONLY_ACTIVE_ARCH = YES;
				SDKROOT = iphoneos;
				SWIFT_ACTIVE_COMPILATION_CONDITIONS = DEBUG;
				SWIFT_OPTIMIZATION_LEVEL = "-Onone";
			};
			name = Debug;
		};
		FF557F262AA5695D00C9CAEC /* Release */ = {
			isa = XCBuildConfiguration;
			buildSettings = {
				ALWAYS_SEARCH_USER_PATHS = NO;
				CLANG_ANALYZER_NONNULL = YES;
				CLANG_ANALYZER_NUMBER_OBJECT_CONVERSION = YES_AGGRESSIVE;
				CLANG_CXX_LANGUAGE_STANDARD = "gnu++20";
				CLANG_ENABLE_MODULES = YES;
				CLANG_ENABLE_OBJC_ARC = YES;
				CLANG_ENABLE_OBJC_WEAK = YES;
				CLANG_WARN_BLOCK_CAPTURE_AUTORELEASING = YES;
				CLANG_WARN_BOOL_CONVERSION = YES;
				CLANG_WARN_COMMA = YES;
				CLANG_WARN_CONSTANT_CONVERSION = YES;
				CLANG_WARN_DEPRECATED_OBJC_IMPLEMENTATIONS = YES;
				CLANG_WARN_DIRECT_OBJC_ISA_USAGE = YES_ERROR;
				CLANG_WARN_DOCUMENTATION_COMMENTS = YES;
				CLANG_WARN_EMPTY_BODY = YES;
				CLANG_WARN_ENUM_CONVERSION = YES;
				CLANG_WARN_INFINITE_RECURSION = YES;
				CLANG_WARN_INT_CONVERSION = YES;
				CLANG_WARN_NON_LITERAL_NULL_CONVERSION = YES;
				CLANG_WARN_OBJC_IMPLICIT_RETAIN_SELF = YES;
				CLANG_WARN_OBJC_LITERAL_CONVERSION = YES;
				CLANG_WARN_OBJC_ROOT_CLASS = YES_ERROR;
				CLANG_WARN_QUOTED_INCLUDE_IN_FRAMEWORK_HEADER = YES;
				CLANG_WARN_RANGE_LOOP_ANALYSIS = YES;
				CLANG_WARN_STRICT_PROTOTYPES = YES;
				CLANG_WARN_SUSPICIOUS_MOVE = YES;
				CLANG_WARN_UNGUARDED_AVAILABILITY = YES_AGGRESSIVE;
				CLANG_WARN_UNREACHABLE_CODE = YES;
				CLANG_WARN__DUPLICATE_METHOD_MATCH = YES;
				COPY_PHASE_STRIP = NO;
				DEBUG_INFORMATION_FORMAT = "dwarf-with-dsym";
				ENABLE_NS_ASSERTIONS = NO;
				ENABLE_STRICT_OBJC_MSGSEND = YES;
				GCC_C_LANGUAGE_STANDARD = gnu11;
				GCC_NO_COMMON_BLOCKS = YES;
				GCC_WARN_64_TO_32_BIT_CONVERSION = YES;
				GCC_WARN_ABOUT_RETURN_TYPE = YES_ERROR;
				GCC_WARN_UNDECLARED_SELECTOR = YES;
				GCC_WARN_UNINITIALIZED_AUTOS = YES_AGGRESSIVE;
				GCC_WARN_UNUSED_FUNCTION = YES;
				GCC_WARN_UNUSED_VARIABLE = YES;
				IPHONEOS_DEPLOYMENT_TARGET = 16.4;
				MTL_ENABLE_DEBUG_INFO = NO;
				MTL_FAST_MATH = YES;
				SDKROOT = iphoneos;
				SWIFT_COMPILATION_MODE = wholemodule;
				SWIFT_OPTIMIZATION_LEVEL = "-O";
				VALIDATE_PRODUCT = YES;
			};
			name = Release;
		};
		FF557F282AA5695D00C9CAEC /* Debug */ = {
			isa = XCBuildConfiguration;
			buildSettings = {
				ASSETCATALOG_COMPILER_APPICON_NAME = AppIcon;
				ASSETCATALOG_COMPILER_GLOBAL_ACCENT_COLOR_NAME = AccentColor;
				CODE_SIGN_STYLE = Automatic;
				CURRENT_PROJECT_VERSION = 1;
				DEVELOPMENT_TEAM = 2L2X5S9BFQ;
				GENERATE_INFOPLIST_FILE = YES;
				INFOPLIST_FILE = KICK/Info.plist;
				INFOPLIST_KEY_UIApplicationSupportsIndirectInputEvents = YES;
				INFOPLIST_KEY_UILaunchStoryboardName = LaunchScreen;
				INFOPLIST_KEY_UIMainStoryboardFile = Login;
				INFOPLIST_KEY_UISupportedInterfaceOrientations = UIInterfaceOrientationPortrait;
				INFOPLIST_KEY_UISupportedInterfaceOrientations_iPad = "UIInterfaceOrientationLandscapeLeft UIInterfaceOrientationLandscapeRight UIInterfaceOrientationPortrait UIInterfaceOrientationPortraitUpsideDown";
				IPHONEOS_DEPLOYMENT_TARGET = 14.0;
				LD_RUNPATH_SEARCH_PATHS = (
					"$(inherited)",
					"@executable_path/Frameworks",
				);
				MARKETING_VERSION = 1.0;
				PRODUCT_BUNDLE_IDENTIFIER = com.cheshire0105.KICK;
				PRODUCT_NAME = "$(TARGET_NAME)";
				SUPPORTED_PLATFORMS = "iphoneos iphonesimulator";
				SUPPORTS_MACCATALYST = NO;
				SUPPORTS_MAC_DESIGNED_FOR_IPHONE_IPAD = NO;
				SWIFT_EMIT_LOC_STRINGS = YES;
				SWIFT_VERSION = 5.0;
				TARGETED_DEVICE_FAMILY = 1;
			};
			name = Debug;
		};
		FF557F292AA5695D00C9CAEC /* Release */ = {
			isa = XCBuildConfiguration;
			buildSettings = {
				ASSETCATALOG_COMPILER_APPICON_NAME = AppIcon;
				ASSETCATALOG_COMPILER_GLOBAL_ACCENT_COLOR_NAME = AccentColor;
				CODE_SIGN_STYLE = Automatic;
				CURRENT_PROJECT_VERSION = 1;
				DEVELOPMENT_TEAM = 2L2X5S9BFQ;
				GENERATE_INFOPLIST_FILE = YES;
				INFOPLIST_FILE = KICK/Info.plist;
				INFOPLIST_KEY_UIApplicationSupportsIndirectInputEvents = YES;
				INFOPLIST_KEY_UILaunchStoryboardName = LaunchScreen;
				INFOPLIST_KEY_UIMainStoryboardFile = Login;
				INFOPLIST_KEY_UISupportedInterfaceOrientations = UIInterfaceOrientationPortrait;
				INFOPLIST_KEY_UISupportedInterfaceOrientations_iPad = "UIInterfaceOrientationLandscapeLeft UIInterfaceOrientationLandscapeRight UIInterfaceOrientationPortrait UIInterfaceOrientationPortraitUpsideDown";
				IPHONEOS_DEPLOYMENT_TARGET = 14.0;
				LD_RUNPATH_SEARCH_PATHS = (
					"$(inherited)",
					"@executable_path/Frameworks",
				);
				MARKETING_VERSION = 1.0;
				PRODUCT_BUNDLE_IDENTIFIER = com.cheshire0105.KICK;
				PRODUCT_NAME = "$(TARGET_NAME)";
				SUPPORTED_PLATFORMS = "iphoneos iphonesimulator";
				SUPPORTS_MACCATALYST = NO;
				SUPPORTS_MAC_DESIGNED_FOR_IPHONE_IPAD = NO;
				SWIFT_EMIT_LOC_STRINGS = YES;
				SWIFT_VERSION = 5.0;
				TARGETED_DEVICE_FAMILY = 1;
			};
			name = Release;
		};
/* End XCBuildConfiguration section */

/* Begin XCConfigurationList section */
		FF557F0E2AA5695B00C9CAEC /* Build configuration list for PBXProject "KICK" */ = {
			isa = XCConfigurationList;
			buildConfigurations = (
				FF557F252AA5695D00C9CAEC /* Debug */,
				FF557F262AA5695D00C9CAEC /* Release */,
			);
			defaultConfigurationIsVisible = 0;
			defaultConfigurationName = Release;
		};
		FF557F272AA5695D00C9CAEC /* Build configuration list for PBXNativeTarget "KICK" */ = {
			isa = XCConfigurationList;
			buildConfigurations = (
				FF557F282AA5695D00C9CAEC /* Debug */,
				FF557F292AA5695D00C9CAEC /* Release */,
			);
			defaultConfigurationIsVisible = 0;
			defaultConfigurationName = Release;
		};
/* End XCConfigurationList section */
	};
	rootObject = FF557F0B2AA5695B00C9CAEC /* Project object */;
}
